# This file is automatically @generated by Cargo.
# It is not intended for manual editing.
version = 3

[[package]]
name = "approx"
version = "0.4.0"
source = "registry+https://github.com/rust-lang/crates.io-index"
checksum = "3f2a05fd1bd10b2527e20a2cd32d8873d115b8b39fe219ee25f42a8aca6ba278"
dependencies = [
 "num-traits",
]

[[package]]
name = "approx"
version = "0.5.0"
source = "registry+https://github.com/rust-lang/crates.io-index"
checksum = "072df7202e63b127ab55acfe16ce97013d5b97bf160489336d3f1840fd78e99e"
dependencies = [
 "num-traits",
]

[[package]]
name = "autocfg"
version = "1.0.1"
source = "registry+https://github.com/rust-lang/crates.io-index"
checksum = "cdb031dd78e28731d87d56cc8ffef4a8f36ca26c38fe2de700543e627f8a464a"

[[package]]
name = "bitflags"
version = "1.3.2"
source = "registry+https://github.com/rust-lang/crates.io-index"
checksum = "bef38d45163c2f1dde094a7dfd33ccf595c92905c8f8f4fdc18d06fb1037718a"

[[package]]
name = "bytemuck"
version = "1.7.3"
source = "registry+https://github.com/rust-lang/crates.io-index"
checksum = "439989e6b8c38d1b6570a384ef1e49c8848128f5a97f3914baef02920842712f"

[[package]]
name = "byteorder"
version = "1.4.3"
source = "registry+https://github.com/rust-lang/crates.io-index"
checksum = "14c189c53d098945499cdfa7ecc63567cf3886b3332b312a5b4585d8d3a6a610"

[[package]]
name = "cast"
version = "0.3.0"
source = "registry+https://github.com/rust-lang/crates.io-index"
checksum = "37b2a672a2cb129a2e41c10b1224bb368f9f37a2b16b612598138befd7b37eb5"

[[package]]
name = "cc"
version = "1.0.72"
source = "registry+https://github.com/rust-lang/crates.io-index"
checksum = "22a9137b95ea06864e018375b72adfb7db6e6f68cfc8df5a04d00288050485ee"

[[package]]
name = "cfg-if"
version = "1.0.0"
source = "registry+https://github.com/rust-lang/crates.io-index"
checksum = "baf1de4339761588bc0619e3cbc0120ee582ebb74b53b4efbf79117bd2da40fd"

[[package]]
name = "chrono"
version = "0.4.19"
source = "registry+https://github.com/rust-lang/crates.io-index"
checksum = "670ad68c9088c2a963aaa298cb369688cf3f9465ce5e2d4ca10e6e0098a1ce73"
dependencies = [
 "libc",
 "num-integer",
 "num-traits",
 "time",
 "winapi",
]

[[package]]
name = "embedded-hal"
version = "0.2.6"
source = "registry+https://github.com/rust-lang/crates.io-index"
checksum = "e36cfb62ff156596c892272f3015ef952fe1525e85261fa3a7f327bd6b384ab9"
dependencies = [
 "nb 0.1.3",
 "void",
]

[[package]]
name = "firmware"
version = "0.1.0"
dependencies = [
 "chrono",
 "embedded-hal",
 "i2cdev",
 "libm",
 "linux-embedded-hal",
 "mpu6050",
 "nalgebra 0.30.1",
 "rust_gpiozero",
 "troyka_hat",
]

[[package]]
name = "generic-array"
version = "0.14.5"
source = "registry+https://github.com/rust-lang/crates.io-index"
checksum = "fd48d33ec7f05fbfa152300fdad764757cbded343c1aa1cff2fbaf4134851803"
dependencies = [
 "typenum",
 "version_check",
]

[[package]]
name = "gpio-cdev"
version = "0.5.1"
source = "registry+https://github.com/rust-lang/crates.io-index"
checksum = "409296415b8abc7b47e5b77096faae14595c53724972da227434fc8f4b05ec8b"
dependencies = [
 "bitflags",
 "libc",
 "nix",
]

[[package]]
name = "i2cdev"
version = "0.5.1"
source = "registry+https://github.com/rust-lang/crates.io-index"
checksum = "b8fe61341e9ce588ede54fd131bf0df63eed3c6e45fcc7fa0e548ea176f39358"
dependencies = [
 "bitflags",
 "byteorder",
 "libc",
 "nix",
]

[[package]]
name = "ioctl-rs"
version = "0.1.6"
source = "registry+https://github.com/rust-lang/crates.io-index"
checksum = "f7970510895cee30b3e9128319f2cefd4bde883a39f38baa279567ba3a7eb97d"
dependencies = [
 "libc",
]

[[package]]
name = "lazy_static"
version = "1.4.0"
source = "registry+https://github.com/rust-lang/crates.io-index"
checksum = "e2abad23fbc42b3700f2f279844dc832adb2b2eb069b2df918f455c4e18cc646"

[[package]]
name = "libc"
version = "0.2.113"
source = "registry+https://github.com/rust-lang/crates.io-index"
checksum = "eef78b64d87775463c549fbd80e19249ef436ea3bf1de2a1eb7e717ec7fab1e9"

[[package]]
name = "libm"
version = "0.2.1"
source = "registry+https://github.com/rust-lang/crates.io-index"
checksum = "c7d73b3f436185384286bd8098d17ec07c9a7d2388a6599f824d8502b529702a"

[[package]]
name = "linux-embedded-hal"
version = "0.3.2"
source = "registry+https://github.com/rust-lang/crates.io-index"
checksum = "61861762ac50cb746e6137f1aeb2ca9812e1b1f2b923cfc83550befdc0b9915d"
dependencies = [
 "cast",
 "embedded-hal",
 "gpio-cdev",
 "i2cdev",
 "nb 0.1.3",
 "serial-core",
 "serial-unix",
 "spidev",
 "sysfs_gpio",
 "void",
]

[[package]]
name = "matrixmultiply"
version = "0.3.2"
source = "registry+https://github.com/rust-lang/crates.io-index"
checksum = "add85d4dd35074e6fedc608f8c8f513a3548619a9024b751949ef0e8e45a4d84"
dependencies = [
 "rawpointer",
]

[[package]]
name = "memoffset"
version = "0.6.5"
source = "registry+https://github.com/rust-lang/crates.io-index"
checksum = "5aa361d4faea93603064a027415f07bd8e1d5c88c9fbf68bf56a285428fd79ce"
dependencies = [
 "autocfg",
]

[[package]]
name = "mpu6050"
version = "0.1.5"
source = "registry+https://github.com/rust-lang/crates.io-index"
checksum = "d025cefef6f96350c1ed8e23b06b94196a44e653d6b04da079ea52a0391089dc"
dependencies = [
 "embedded-hal",
 "libm",
 "nalgebra 0.24.1",
]

[[package]]
name = "nalgebra"
version = "0.24.1"
source = "registry+https://github.com/rust-lang/crates.io-index"
checksum = "1a9002895a0de45e3cde58b36d0cf2f83249e7dba4a43ee64dafbf01bfd464ff"
dependencies = [
 "approx 0.4.0",
 "generic-array",
 "num-complex 0.3.1",
 "num-rational 0.3.2",
 "num-traits",
 "rand",
 "simba 0.3.1",
 "typenum",
]

[[package]]
name = "nalgebra"
version = "0.30.1"
source = "registry+https://github.com/rust-lang/crates.io-index"
checksum = "4fb2d0de08694bed883320212c18ee3008576bfe8c306f4c3c4a58b4876998be"
dependencies = [
 "approx 0.5.0",
 "matrixmultiply",
 "nalgebra-macros",
 "num-complex 0.4.0",
 "num-rational 0.4.0",
 "num-traits",
 "simba 0.7.0",
 "typenum",
]

[[package]]
name = "nalgebra-macros"
version = "0.1.0"
source = "registry+https://github.com/rust-lang/crates.io-index"
checksum = "01fcc0b8149b4632adc89ac3b7b31a12fb6099a0317a4eb2ebff574ef7de7218"
dependencies = [
 "proc-macro2",
 "quote",
 "syn",
]

[[package]]
name = "nb"
version = "0.1.3"
source = "registry+https://github.com/rust-lang/crates.io-index"
checksum = "801d31da0513b6ec5214e9bf433a77966320625a37860f910be265be6e18d06f"
dependencies = [
 "nb 1.0.0",
]

[[package]]
name = "nb"
version = "1.0.0"
source = "registry+https://github.com/rust-lang/crates.io-index"
checksum = "546c37ac5d9e56f55e73b677106873d9d9f5190605e41a856503623648488cae"

[[package]]
name = "nix"
version = "0.23.1"
source = "registry+https://github.com/rust-lang/crates.io-index"
checksum = "9f866317acbd3a240710c63f065ffb1e4fd466259045ccb504130b7f668f35c6"
dependencies = [
 "bitflags",
 "cc",
 "cfg-if",
 "libc",
 "memoffset",
]

[[package]]
name = "num-complex"
version = "0.3.1"
source = "registry+https://github.com/rust-lang/crates.io-index"
checksum = "747d632c0c558b87dbabbe6a82f3b4ae03720d0646ac5b7b4dae89394be5f2c5"
dependencies = [
 "num-traits",
]

[[package]]
name = "num-complex"
version = "0.4.0"
source = "registry+https://github.com/rust-lang/crates.io-index"
checksum = "26873667bbbb7c5182d4a37c1add32cdf09f841af72da53318fdb81543c15085"
dependencies = [
 "num-traits",
]

[[package]]
name = "num-integer"
version = "0.1.44"
source = "registry+https://github.com/rust-lang/crates.io-index"
checksum = "d2cc698a63b549a70bc047073d2949cce27cd1c7b0a4a862d08a8031bc2801db"
dependencies = [
 "autocfg",
 "num-traits",
]

[[package]]
name = "num-rational"
version = "0.3.2"
source = "registry+https://github.com/rust-lang/crates.io-index"
checksum = "12ac428b1cb17fce6f731001d307d351ec70a6d202fc2e60f7d4c5e42d8f4f07"
dependencies = [
 "autocfg",
 "num-integer",
 "num-traits",
]

[[package]]
name = "num-rational"
version = "0.4.0"
source = "registry+https://github.com/rust-lang/crates.io-index"
checksum = "d41702bd167c2df5520b384281bc111a4b5efcf7fbc4c9c222c815b07e0a6a6a"
dependencies = [
 "autocfg",
 "num-integer",
 "num-traits",
]

[[package]]
name = "num-traits"
version = "0.2.14"
source = "registry+https://github.com/rust-lang/crates.io-index"
checksum = "9a64b1ec5cda2586e284722486d802acf1f7dbdc623e2bfc57e65ca1cd099290"
dependencies = [
 "autocfg",
]

[[package]]
name = "paste"
version = "1.0.6"
source = "registry+https://github.com/rust-lang/crates.io-index"
checksum = "0744126afe1a6dd7f394cb50a716dbe086cb06e255e53d8d0185d82828358fb5"

[[package]]
name = "ppv-lite86"
version = "0.2.16"
source = "registry+https://github.com/rust-lang/crates.io-index"
checksum = "eb9f9e6e233e5c4a35559a617bf40a4ec447db2e84c20b55a6f83167b7e57872"

[[package]]
name = "proc-macro2"
version = "1.0.36"
source = "registry+https://github.com/rust-lang/crates.io-index"
checksum = "c7342d5883fbccae1cc37a2353b09c87c9b0f3afd73f5fb9bba687a1f733b029"
dependencies = [
 "unicode-xid",
]

[[package]]
name = "quote"
version = "1.0.15"
source = "registry+https://github.com/rust-lang/crates.io-index"
checksum = "864d3e96a899863136fc6e99f3d7cae289dafe43bf2c5ac19b70df7210c0a145"
dependencies = [
 "proc-macro2",
]

[[package]]
name = "rand"
version = "0.7.3"
source = "registry+https://github.com/rust-lang/crates.io-index"
checksum = "6a6b1679d49b24bbfe0c803429aa1874472f50d9b363131f0e89fc356b544d03"
dependencies = [
 "rand_chacha",
 "rand_core",
 "rand_hc",
]

[[package]]
name = "rand_chacha"
version = "0.2.2"
source = "registry+https://github.com/rust-lang/crates.io-index"
checksum = "f4c8ed856279c9737206bf725bf36935d8666ead7aa69b52be55af369d193402"
dependencies = [
 "ppv-lite86",
 "rand_core",
]

[[package]]
name = "rand_core"
version = "0.5.1"
source = "registry+https://github.com/rust-lang/crates.io-index"
checksum = "90bde5296fc891b0cef12a6d03ddccc162ce7b2aff54160af9338f8d40df6d19"

[[package]]
name = "rand_hc"
version = "0.2.0"
source = "registry+https://github.com/rust-lang/crates.io-index"
checksum = "ca3129af7b92a17112d59ad498c6f81eaf463253766b90396d39ea7a39d6613c"
dependencies = [
 "rand_core",
]

[[package]]
name = "rawpointer"
version = "0.2.1"
source = "registry+https://github.com/rust-lang/crates.io-index"
checksum = "60a357793950651c4ed0f3f52338f53b2f809f32d83a07f72909fa13e4c6c1e3"

[[package]]
name = "rppal"
version = "0.12.0"
source = "registry+https://github.com/rust-lang/crates.io-index"
checksum = "eb26758c881b4837b2f4aef569e4251f75388e36b37204e1804ef429c220121c"
dependencies = [
 "lazy_static",
 "libc",
]

[[package]]
name = "rust_gpiozero"
version = "0.2.1"
source = "registry+https://github.com/rust-lang/crates.io-index"
checksum = "ef0e15226913de082030649dc55bb1db057ffc1c7c2b418454912a85b40523f3"
dependencies = [
 "rppal",
]

[[package]]
name = "safe_arch"
version = "0.6.0"
source = "registry+https://github.com/rust-lang/crates.io-index"
checksum = "794821e4ccb0d9f979512f9c1973480123f9bd62a90d74ab0f9426fcf8f4a529"
dependencies = [
 "bytemuck",
]

[[package]]
name = "serial-core"
version = "0.4.0"
source = "registry+https://github.com/rust-lang/crates.io-index"
checksum = "3f46209b345401737ae2125fe5b19a77acce90cd53e1658cda928e4fe9a64581"
dependencies = [
 "libc",
]

[[package]]
name = "serial-unix"
version = "0.4.0"
source = "registry+https://github.com/rust-lang/crates.io-index"
checksum = "f03fbca4c9d866e24a459cbca71283f545a37f8e3e002ad8c70593871453cab7"
dependencies = [
 "ioctl-rs",
 "libc",
 "serial-core",
 "termios",
]

[[package]]
name = "simba"
version = "0.3.1"
source = "registry+https://github.com/rust-lang/crates.io-index"
checksum = "17bfe642b1728a6e89137ad428ef5d4738eca4efaba9590f9e110b8944028621"
dependencies = [
 "approx 0.4.0",
 "num-complex 0.3.1",
 "num-traits",
 "paste",
]

[[package]]
name = "simba"
version = "0.7.0"
source = "registry+https://github.com/rust-lang/crates.io-index"
checksum = "6fa406d0a270fc91831a28f705ba803ad05b971486af492317f1607390245b99"
dependencies = [
 "approx 0.5.0",
 "num-complex 0.4.0",
 "num-traits",
 "paste",
 "wide",
]

[[package]]
name = "spidev"
version = "0.5.1"
source = "registry+https://github.com/rust-lang/crates.io-index"
checksum = "5c43e891adf1abc1e09b10f80c8d91959ee20ec28425c6dadac78844ba4c709f"
dependencies = [
 "bitflags",
 "libc",
 "nix",
]

[[package]]
name = "syn"
version = "1.0.86"
source = "registry+https://github.com/rust-lang/crates.io-index"
checksum = "8a65b3f4ffa0092e9887669db0eae07941f023991ab58ea44da8fe8e2d511c6b"
dependencies = [
 "proc-macro2",
 "quote",
 "unicode-xid",
]

[[package]]
name = "sysfs_gpio"
version = "0.6.1"
source = "registry+https://github.com/rust-lang/crates.io-index"
checksum = "9ef9c9bcbfeb596ce4da59b2c59736235f35dcd516f03958ea10834473224157"
dependencies = [
 "nix",
]

[[package]]
name = "termios"
version = "0.2.2"
source = "registry+https://github.com/rust-lang/crates.io-index"
checksum = "d5d9cf598a6d7ce700a4e6a9199da127e6819a61e64b68609683cc9a01b5683a"
dependencies = [
 "libc",
]

[[package]]
name = "time"
version = "0.1.44"
source = "registry+https://github.com/rust-lang/crates.io-index"
checksum = "6db9e6914ab8b1ae1c260a4ae7a49b6c5611b40328a735b21862567685e73255"
dependencies = [
 "libc",
 "wasi",
 "winapi",
]

[[package]]
name = "troyka_hat"
version = "0.1.0"
source = "git+https://github.com/Ares566/troyka_hat#2cbbe5e1c4b704abe0a2dfae6713811db6de52fe"
dependencies = [
 "embedded-hal",
 "i2cdev",
 "libm",
 "linux-embedded-hal",
]

[[package]]
name = "typenum"
version = "1.15.0"
source = "registry+https://github.com/rust-lang/crates.io-index"
checksum = "dcf81ac59edc17cc8697ff311e8f5ef2d99fcbd9817b34cec66f90b6c3dfd987"

[[package]]
name = "unicode-xid"
version = "0.2.2"
source = "registry+https://github.com/rust-lang/crates.io-index"
checksum = "8ccb82d61f80a663efe1f787a51b16b5a51e3314d6ac365b08639f52387b33f3"

[[package]]
name = "version_check"
version = "0.9.4"
source = "registry+https://github.com/rust-lang/crates.io-index"
checksum = "49874b5167b65d7193b8aba1567f5c7d93d001cafc34600cee003eda787e483f"

[[package]]
name = "void"
version = "1.0.2"
source = "registry+https://github.com/rust-lang/crates.io-index"
checksum = "6a02e4885ed3bc0f2de90ea6dd45ebcbb66dacffe03547fadbb0eeae2770887d"

[[package]]
name = "wasi"
version = "0.10.0+wasi-snapshot-preview1"
source = "registry+https://github.com/rust-lang/crates.io-index"
checksum = "1a143597ca7c7793eff794def352d41792a93c481eb1042423ff7ff72ba2c31f"

[[package]]
name = "wide"
version = "0.7.3"
source = "registry+https://github.com/rust-lang/crates.io-index"
checksum = "476da2f1d225632b1fffe638ff979a4bc03907e29b0ab596efca7624014f8b62"
dependencies = [
 "bytemuck",
 "safe_arch",
]

[[package]]
name = "winapi"
version = "0.3.9"
source = "registry+https://github.com/rust-lang/crates.io-index"
checksum = "5c839a674fcd7a98952e593242ea400abe93992746761e38641405d28b00f419"
dependencies = [
 "winapi-i686-pc-windows-gnu",
 "winapi-x86_64-pc-windows-gnu",
]

[[package]]
name = "winapi-i686-pc-windows-gnu"
version = "0.4.0"
source = "registry+https://github.com/rust-lang/crates.io-index"
checksum = "ac3b87c63620426dd9b991e5ce0329eff545bccbbb34f3be09ff6fb6ab51b7b6"

[[package]]
name = "winapi-x86_64-pc-windows-gnu"
version = "0.4.0"
source = "registry+https://github.com/rust-lang/crates.io-index"
checksum = "712e227841d057c1ee1cd2fb22fa7e5a5461ae8e48fa2ca79ec42cfc1931183f"
